
Microsoft Visual Studio Solution File, Format Version 12.00
# Visual Studio 2013
VisualStudioVersion = 12.0.30110.0
MinimumVisualStudioVersion = 10.0.40219.1
Project("{8BC9CEB8-8B4A-11D0-8D11-00A0C91BC942}") = "SUD", "SUD\SUD.vcxproj", "{902A98D0-1F05-49B6-94FA-853805C51CD7}"
EndProject
Project("{8BC9CEB8-8B4A-11D0-8D11-00A0C91BC942}") = "Exam", "Exam\Exam.vcxproj", "{7DEDFB4C-C119-40F4-AA6D-F23FE44185E2}"
	ProjectSection(ProjectDependencies) = postProject
		{B95E1A16-93EE-45B2-A1CB-B6B3078840FC} = {B95E1A16-93EE-45B2-A1CB-B6B3078840FC}
	EndProjectSection
EndProject
Project("{2150E333-8FDC-42A3-9474-1A3956D46DE8}") = "9. Util", "9. Util", "{4DB7BC26-D87F-48E8-9816-E8E1275494CA}"
EndProject
Project("{2150E333-8FDC-42A3-9474-1A3956D46DE8}") = "1. Project", "1. Project", "{7209B3D1-1F8E-4913-B858-A420F675A69D}"
EndProject
Project("{2150E333-8FDC-42A3-9474-1A3956D46DE8}") = "2. Sample Project", "2. Sample Project", "{13EC3411-E69F-44EE-AE18-FAB5EACF8380}"
EndProject
Project("{2150E333-8FDC-42A3-9474-1A3956D46DE8}") = "3. Exam", "3. Exam", "{91392BC4-BF19-4E00-9F10-36C65DF902C4}"
EndProject
Project("{8BC9CEB8-8B4A-11D0-8D11-00A0C91BC942}") = "UtilProject", "UtilProject\UtilProject.vcxproj", "{B95E1A16-93EE-45B2-A1CB-B6B3078840FC}"
EndProject
Project("{8BC9CEB8-8B4A-11D0-8D11-00A0C91BC942}") = "Exam_Win", "Exam_Win\Exam_Win.vcxproj", "{F443E4F0-98F6-4568-86B3-A63F8E3BE4B6}"
	ProjectSection(ProjectDependencies) = postProject
		{B95E1A16-93EE-45B2-A1CB-B6B3078840FC} = {B95E1A16-93EE-45B2-A1CB-B6B3078840FC}
	EndProjectSection
EndProject
Project("{2150E333-8FDC-42A3-9474-1A3956D46DE8}") = "4.Quiz", "4.Quiz", "{07A3E8CB-FECA-4404-B879-46B14DAF5428}"
EndProject
Project("{8BC9CEB8-8B4A-11D0-8D11-00A0C91BC942}") = "Print_K_Line", "Print_K_Line\Print_K_Line.vcxproj", "{DEB0FA9B-7183-4688-90BB-8505190B00D7}"
EndProject
Project("{8BC9CEB8-8B4A-11D0-8D11-00A0C91BC942}") = "UniqueChar", "UniqueChar\UniqueChar.vcxproj", "{829AE5A8-6D0E-4836-92D1-9C98AF3760A8}"
EndProject
Project("{2150E333-8FDC-42A3-9474-1A3956D46DE8}") = "5. PL in CPP", "5. PL in CPP", "{8AAA0BF4-51E1-476D-BBF2-DCEB77905222}"
EndProject
Project("{8BC9CEB8-8B4A-11D0-8D11-00A0C91BC942}") = "PLinCPP", "PLinCPP\PLinCPP.vcxproj", "{65F1D210-7EC6-4FA9-BAAF-1CC6D1FCC72D}"
EndProject
Global
	GlobalSection(SubversionScc) = preSolution
		Svn-Managed = True
		Manager = AnkhSVN - Subversion Support for Visual Studio
	EndGlobalSection
	GlobalSection(SolutionConfigurationPlatforms) = preSolution
		Debug|Win32 = Debug|Win32
		Release|Win32 = Release|Win32
	EndGlobalSection
	GlobalSection(ProjectConfigurationPlatforms) = postSolution
		{902A98D0-1F05-49B6-94FA-853805C51CD7}.Debug|Win32.ActiveCfg = Debug|Win32
		{902A98D0-1F05-49B6-94FA-853805C51CD7}.Debug|Win32.Build.0 = Debug|Win32
		{902A98D0-1F05-49B6-94FA-853805C51CD7}.Release|Win32.ActiveCfg = Release|Win32
		{902A98D0-1F05-49B6-94FA-853805C51CD7}.Release|Win32.Build.0 = Release|Win32
		{7DEDFB4C-C119-40F4-AA6D-F23FE44185E2}.Debug|Win32.ActiveCfg = Debug|Win32
		{7DEDFB4C-C119-40F4-AA6D-F23FE44185E2}.Debug|Win32.Build.0 = Debug|Win32
		{7DEDFB4C-C119-40F4-AA6D-F23FE44185E2}.Release|Win32.ActiveCfg = Release|Win32
		{7DEDFB4C-C119-40F4-AA6D-F23FE44185E2}.Release|Win32.Build.0 = Release|Win32
		{B95E1A16-93EE-45B2-A1CB-B6B3078840FC}.Debug|Win32.ActiveCfg = Debug|Win32
		{B95E1A16-93EE-45B2-A1CB-B6B3078840FC}.Debug|Win32.Build.0 = Debug|Win32
		{B95E1A16-93EE-45B2-A1CB-B6B3078840FC}.Release|Win32.ActiveCfg = Release|Win32
		{B95E1A16-93EE-45B2-A1CB-B6B3078840FC}.Release|Win32.Build.0 = Release|Win32
		{F443E4F0-98F6-4568-86B3-A63F8E3BE4B6}.Debug|Win32.ActiveCfg = Debug|Win32
		{F443E4F0-98F6-4568-86B3-A63F8E3BE4B6}.Debug|Win32.Build.0 = Debug|Win32
		{F443E4F0-98F6-4568-86B3-A63F8E3BE4B6}.Release|Win32.ActiveCfg = Release|Win32
		{F443E4F0-98F6-4568-86B3-A63F8E3BE4B6}.Release|Win32.Build.0 = Release|Win32
		{DEB0FA9B-7183-4688-90BB-8505190B00D7}.Debug|Win32.ActiveCfg = Debug|Win32
		{DEB0FA9B-7183-4688-90BB-8505190B00D7}.Debug|Win32.Build.0 = Debug|Win32
		{DEB0FA9B-7183-4688-90BB-8505190B00D7}.Release|Win32.ActiveCfg = Release|Win32
		{DEB0FA9B-7183-4688-90BB-8505190B00D7}.Release|Win32.Build.0 = Release|Win32
		{829AE5A8-6D0E-4836-92D1-9C98AF3760A8}.Debug|Win32.ActiveCfg = Debug|Win32
		{829AE5A8-6D0E-4836-92D1-9C98AF3760A8}.Debug|Win32.Build.0 = Debug|Win32
		{829AE5A8-6D0E-4836-92D1-9C98AF3760A8}.Release|Win32.ActiveCfg = Release|Win32
		{829AE5A8-6D0E-4836-92D1-9C98AF3760A8}.Release|Win32.Build.0 = Release|Win32
		{65F1D210-7EC6-4FA9-BAAF-1CC6D1FCC72D}.Debug|Win32.ActiveCfg = Debug|Win32
		{65F1D210-7EC6-4FA9-BAAF-1CC6D1FCC72D}.Debug|Win32.Build.0 = Debug|Win32
		{65F1D210-7EC6-4FA9-BAAF-1CC6D1FCC72D}.Release|Win32.ActiveCfg = Release|Win32
		{65F1D210-7EC6-4FA9-BAAF-1CC6D1FCC72D}.Release|Win32.Build.0 = Release|Win32
	EndGlobalSection
	GlobalSection(SolutionProperties) = preSolution
		HideSolutionNode = FALSE
	EndGlobalSection
	GlobalSection(NestedProjects) = preSolution
		{902A98D0-1F05-49B6-94FA-853805C51CD7} = {7209B3D1-1F8E-4913-B858-A420F675A69D}
		{7DEDFB4C-C119-40F4-AA6D-F23FE44185E2} = {91392BC4-BF19-4E00-9F10-36C65DF902C4}
		{F443E4F0-98F6-4568-86B3-A63F8E3BE4B6} = {91392BC4-BF19-4E00-9F10-36C65DF902C4}
		{B95E1A16-93EE-45B2-A1CB-B6B3078840FC} = {4DB7BC26-D87F-48E8-9816-E8E1275494CA}
		{DEB0FA9B-7183-4688-90BB-8505190B00D7} = {07A3E8CB-FECA-4404-B879-46B14DAF5428}
		{829AE5A8-6D0E-4836-92D1-9C98AF3760A8} = {07A3E8CB-FECA-4404-B879-46B14DAF5428}
		{65F1D210-7EC6-4FA9-BAAF-1CC6D1FCC72D} = {8AAA0BF4-51E1-476D-BBF2-DCEB77905222}
	EndGlobalSection
EndGlobal
