<?xml version="1.0" encoding="utf-8"?>
<Project ToolsVersion="4.0" xmlns="http://schemas.microsoft.com/developer/msbuild/2003">
  <ItemGroup>
    <Text Include="ReadMe.txt" />
  </ItemGroup>
  <ItemGroup>
    <ClInclude Include="stdafx.h" />
    <ClInclude Include="targetver.h" />
    <ClInclude Include="Exam_MemoryLeak.h">
      <Filter>Example</Filter>
    </ClInclude>
    <ClInclude Include="Character.h">
      <Filter>Exam_Class</Filter>
    </ClInclude>
    <ClInclude Include="Minion.h">
      <Filter>Exam_Class</Filter>
    </ClInclude>
    <ClInclude Include="Mob.h">
      <Filter>Exam_Class</Filter>
    </ClInclude>
    <ClInclude Include="Elf.h">
      <Filter>Exam_Class</Filter>
    </ClInclude>
    <ClInclude Include="DarkElf.h">
      <Filter>Exam_Class</Filter>
    </ClInclude>
    <ClInclude Include="Exam_VirtualMethod.h">
      <Filter>Example</Filter>
    </ClInclude>
    <ClInclude Include="NPC.h">
      <Filter>Exam_Class</Filter>
    </ClInclude>
    <ClInclude Include="ExamMain.h" />
  </ItemGroup>
  <ItemGroup>
    <ClCompile Include="Exam.cpp" />
    <ClCompile Include="stdafx.cpp" />
    <ClCompile Include="Exam_MemoryLeak.cpp">
      <Filter>Example</Filter>
    </ClCompile>
    <ClCompile Include="Character.cpp">
      <Filter>Exam_Class</Filter>
    </ClCompile>
    <ClCompile Include="Minion.cpp">
      <Filter>Exam_Class</Filter>
    </ClCompile>
    <ClCompile Include="Mob.cpp">
      <Filter>Exam_Class</Filter>
    </ClCompile>
    <ClCompile Include="Namespace.cpp">
      <Filter>Example</Filter>
    </ClCompile>
    <ClCompile Include="Elf.cpp">
      <Filter>Exam_Class</Filter>
    </ClCompile>
    <ClCompile Include="DarkElf.cpp">
      <Filter>Exam_Class</Filter>
    </ClCompile>
    <ClCompile Include="Exam_VirtualMethod.cpp">
      <Filter>Example</Filter>
    </ClCompile>
    <ClCompile Include="NPC.cpp">
      <Filter>Exam_Class</Filter>
    </ClCompile>
    <ClCompile Include="ExamMain.cpp" />
  </ItemGroup>
  <ItemGroup>
    <Filter Include="Example">
      <UniqueIdentifier>{ccf5ccfc-3823-41e2-b614-ad8fda7337f3}</UniqueIdentifier>
    </Filter>
    <Filter Include="Exam_Class">
      <UniqueIdentifier>{769010c7-2b4a-4aec-b6ac-ca52e6de6ce6}</UniqueIdentifier>
    </Filter>
  </ItemGroup>
  <ItemGroup>
    <None Include="ClassDiagram.cd" />
  </ItemGroup>
</Project>