<?xml version="1.0" encoding="utf-8"?>
<Project ToolsVersion="4.0" xmlns="http://schemas.microsoft.com/developer/msbuild/2003">
  <ItemGroup>
    <Filter Include="5.Precompiled Header">
      <UniqueIdentifier>{a3474b8c-166c-4722-b513-3d89c36cc84c}</UniqueIdentifier>
    </Filter>
    <Filter Include="6. 인라인 함수">
      <UniqueIdentifier>{47bfc94a-f67d-4610-90da-6244f5ea62b0}</UniqueIdentifier>
    </Filter>
    <Filter Include="0.샘플 클래스">
      <UniqueIdentifier>{1b4ce23c-3dba-4bf8-974e-d2985f27c558}</UniqueIdentifier>
    </Filter>
    <Filter Include="7. 오버라이딩">
      <UniqueIdentifier>{d1d4a3c4-db76-493d-985e-ec6ae5dd574f}</UniqueIdentifier>
    </Filter>
    <Filter Include="10. Assert">
      <UniqueIdentifier>{e69071ea-9ded-4b57-bbbe-983fe7e9d495}</UniqueIdentifier>
    </Filter>
    <Filter Include="11. Memory Leak">
      <UniqueIdentifier>{125a1746-e7e9-496f-ab22-19340514fc20}</UniqueIdentifier>
    </Filter>
  </ItemGroup>
  <ItemGroup>
    <Text Include="ReadMe.txt" />
  </ItemGroup>
  <ItemGroup>
    <ClInclude Include="PchA.h">
      <Filter>5.Precompiled Header</Filter>
    </ClInclude>
    <ClInclude Include="PchB.h">
      <Filter>5.Precompiled Header</Filter>
    </ClInclude>
    <ClInclude Include="stdafx.h">
      <Filter>5.Precompiled Header</Filter>
    </ClInclude>
    <ClInclude Include="PchSample.h">
      <Filter>5.Precompiled Header</Filter>
    </ClInclude>
    <ClInclude Include="InlineFunc.h">
      <Filter>6. 인라인 함수</Filter>
    </ClInclude>
    <ClInclude Include="Character.h">
      <Filter>0.샘플 클래스</Filter>
    </ClInclude>
    <ClInclude Include="Mob.h">
      <Filter>0.샘플 클래스</Filter>
    </ClInclude>
    <ClInclude Include="NPC.h">
      <Filter>0.샘플 클래스</Filter>
    </ClInclude>
    <ClInclude Include="Player.h">
      <Filter>0.샘플 클래스</Filter>
    </ClInclude>
    <ClInclude Include="Overriding.h">
      <Filter>7. 오버라이딩</Filter>
    </ClInclude>
    <ClInclude Include="AbstractClass.h">
      <Filter>7. 오버라이딩</Filter>
    </ClInclude>
    <ClInclude Include="Assert.h">
      <Filter>10. Assert</Filter>
    </ClInclude>
    <ClInclude Include="BattleShip.h" />
    <ClInclude Include="FlipLearning.h" />
    <ClInclude Include="FLString.h" />
    <ClInclude Include="Ship.h" />
    <ClInclude Include="targetver.h" />
    <ClInclude Include="MemoryLeak.h">
      <Filter>11. Memory Leak</Filter>
    </ClInclude>
  </ItemGroup>
  <ItemGroup>
    <ClCompile Include="PchA.cpp">
      <Filter>5.Precompiled Header</Filter>
    </ClCompile>
    <ClCompile Include="PchB.cpp">
      <Filter>5.Precompiled Header</Filter>
    </ClCompile>
    <ClCompile Include="stdafx.cpp">
      <Filter>5.Precompiled Header</Filter>
    </ClCompile>
    <ClCompile Include="PchSample.cpp">
      <Filter>5.Precompiled Header</Filter>
    </ClCompile>
    <ClCompile Include="InlineFunc.cpp">
      <Filter>6. 인라인 함수</Filter>
    </ClCompile>
    <ClCompile Include="Character.cpp">
      <Filter>0.샘플 클래스</Filter>
    </ClCompile>
    <ClCompile Include="Mob.cpp">
      <Filter>0.샘플 클래스</Filter>
    </ClCompile>
    <ClCompile Include="NPC.cpp">
      <Filter>0.샘플 클래스</Filter>
    </ClCompile>
    <ClCompile Include="Player.cpp">
      <Filter>0.샘플 클래스</Filter>
    </ClCompile>
    <ClCompile Include="Overriding.cpp">
      <Filter>7. 오버라이딩</Filter>
    </ClCompile>
    <ClCompile Include="Assert.cpp">
      <Filter>10. Assert</Filter>
    </ClCompile>
    <ClCompile Include="6.FlipLearing.cpp" />
    <ClCompile Include="BattleShip.cpp" />
    <ClCompile Include="FlipLearning.cpp" />
    <ClCompile Include="FLString.cpp" />
    <ClCompile Include="Ship.cpp" />
    <ClCompile Include="MemoryLeak.cpp">
      <Filter>11. Memory Leak</Filter>
    </ClCompile>
  </ItemGroup>
  <ItemGroup>
    <None Include="ClassDiagram.cd" />
  </ItemGroup>
</Project>